
Microsoft Visual Studio Solution File, Format Version 12.00
# Visual Studio Version 17
VisualStudioVersion = 17.4.33205.214
MinimumVisualStudioVersion = 10.0.40219.1
Project("{9A19103F-16F7-4668-BE54-9A1E7A4F7556}") = "MonPremierProjet", "MonPremierProjet\MonPremierProjet.csproj", "{F4E10088-61D3-47DA-B845-3416D771EC6D}"
EndProject
Project("{9A19103F-16F7-4668-BE54-9A1E7A4F7556}") = "ProjetAdition", "ProjetAdition\ProjetAdition.csproj", "{1423832D-EEF1-4F49-B8A7-17428686C8F9}"
EndProject
Project("{9A19103F-16F7-4668-BE54-9A1E7A4F7556}") = "ProjetCondition", "ProjetCondition\ProjetCondition.csproj", "{AC4C9292-73B0-4195-A64D-09D0491AA44B}"
EndProject
Project("{9A19103F-16F7-4668-BE54-9A1E7A4F7556}") = "ProjetWhile", "ProjetWhile\ProjetWhile.csproj", "{821501C0-ABC2-4777-BA8B-4190D3239CD5}"
EndProject
Project("{9A19103F-16F7-4668-BE54-9A1E7A4F7556}") = "ProjetDoWhile", "ProjetDoWhile\ProjetDoWhile.csproj", "{00A6DAD1-E32C-4099-9D1F-74902E14E56E}"
EndProject
Project("{9A19103F-16F7-4668-BE54-9A1E7A4F7556}") = "ProjetBreakContinue", "ProjetBreakContinue\ProjetBreakContinue.csproj", "{72F3E047-CA09-4167-B541-98FF42657838}"
EndProject
Project("{9A19103F-16F7-4668-BE54-9A1E7A4F7556}") = "ProjetFor", "ProjetFor\ProjetFor.csproj", "{36B4D378-048A-4823-9496-7D1666AA508E}"
EndProject
Project("{9A19103F-16F7-4668-BE54-9A1E7A4F7556}") = "ProjetSwitch", "ProjetSwitch\ProjetSwitch.csproj", "{BEB1832F-DF58-4BB1-91FD-44991FB9C125}"
EndProject
Project("{9A19103F-16F7-4668-BE54-9A1E7A4F7556}") = "ProjetTableau", "ProjetTableau\ProjetTableau.csproj", "{3F7A27FE-E9F4-4C36-A6F2-53E7B27524E0}"
EndProject
Project("{9A19103F-16F7-4668-BE54-9A1E7A4F7556}") = "ProjetMain", "ProjetMain\ProjetMain.csproj", "{F8B7D339-3AC6-411C-B48F-275A85BCC77E}"
EndProject
Project("{9A19103F-16F7-4668-BE54-9A1E7A4F7556}") = "ProjetMethodes", "ProjetMethodes\ProjetMethodes.csproj", "{A1D5BEE0-D24E-49E1-96D5-DE12076E80B1}"
EndProject
Project("{9A19103F-16F7-4668-BE54-9A1E7A4F7556}") = "Projet1", "Projet1\Projet1.csproj", "{05717FD3-7B3C-456C-B135-AF57D78242AC}"
EndProject
Project("{9A19103F-16F7-4668-BE54-9A1E7A4F7556}") = "Projet2", "Projet2\Projet2.csproj", "{F5C4FEE2-647D-4253-BDBB-799E4027BEB7}"
EndProject
Project("{9A19103F-16F7-4668-BE54-9A1E7A4F7556}") = "POO1", "POO1\POO1.csproj", "{5B4EF058-AEBA-4107-8877-125554E7963A}"
EndProject
Project("{9A19103F-16F7-4668-BE54-9A1E7A4F7556}") = "StaticNonStatic", "StaticNonStatic\StaticNonStatic.csproj", "{E745CC2A-22AE-4F76-8DB9-79DBA27169DC}"
EndProject
Project("{9A19103F-16F7-4668-BE54-9A1E7A4F7556}") = "POO2", "POO2\POO2.csproj", "{EE548B4D-8507-4AD9-9D98-5CFDB1346DEE}"
EndProject
Project("{9A19103F-16F7-4668-BE54-9A1E7A4F7556}") = "POO3", "POO3\POO3.csproj", "{20D1B523-671E-44F3-A28F-284300966298}"
EndProject
Project("{9A19103F-16F7-4668-BE54-9A1E7A4F7556}") = "POO4", "POO4\POO4.csproj", "{2C52EC89-CF9E-471A-B4C0-7B3D7F590E0F}"
EndProject
Project("{9A19103F-16F7-4668-BE54-9A1E7A4F7556}") = "Abstract", "Abstract\Abstract.csproj", "{84382827-AAF8-4E23-961B-529477216B25}"
EndProject
Project("{9A19103F-16F7-4668-BE54-9A1E7A4F7556}") = "Partial", "Partial\Partial.csproj", "{5053FE36-6757-4E0E-9523-3907CA6C387A}"
EndProject
Project("{9A19103F-16F7-4668-BE54-9A1E7A4F7556}") = "SqlFacture", "SqlFacture\SqlFacture.csproj", "{6A3E356D-5BE6-4664-8802-1CABEEAE1D65}"
EndProject
Project("{9A19103F-16F7-4668-BE54-9A1E7A4F7556}") = "TestEfCore", "TestEfCore\TestEfCore.csproj", "{EB2E322D-3BEB-466F-8574-87A1224EE65C}"
EndProject
Global
	GlobalSection(SolutionConfigurationPlatforms) = preSolution
		Debug|Any CPU = Debug|Any CPU
		Release|Any CPU = Release|Any CPU
	EndGlobalSection
	GlobalSection(ProjectConfigurationPlatforms) = postSolution
		{F4E10088-61D3-47DA-B845-3416D771EC6D}.Debug|Any CPU.ActiveCfg = Debug|Any CPU
		{F4E10088-61D3-47DA-B845-3416D771EC6D}.Debug|Any CPU.Build.0 = Debug|Any CPU
		{F4E10088-61D3-47DA-B845-3416D771EC6D}.Release|Any CPU.ActiveCfg = Release|Any CPU
		{F4E10088-61D3-47DA-B845-3416D771EC6D}.Release|Any CPU.Build.0 = Release|Any CPU
		{1423832D-EEF1-4F49-B8A7-17428686C8F9}.Debug|Any CPU.ActiveCfg = Debug|Any CPU
		{1423832D-EEF1-4F49-B8A7-17428686C8F9}.Debug|Any CPU.Build.0 = Debug|Any CPU
		{1423832D-EEF1-4F49-B8A7-17428686C8F9}.Release|Any CPU.ActiveCfg = Release|Any CPU
		{1423832D-EEF1-4F49-B8A7-17428686C8F9}.Release|Any CPU.Build.0 = Release|Any CPU
		{AC4C9292-73B0-4195-A64D-09D0491AA44B}.Debug|Any CPU.ActiveCfg = Debug|Any CPU
		{AC4C9292-73B0-4195-A64D-09D0491AA44B}.Debug|Any CPU.Build.0 = Debug|Any CPU
		{AC4C9292-73B0-4195-A64D-09D0491AA44B}.Release|Any CPU.ActiveCfg = Release|Any CPU
		{AC4C9292-73B0-4195-A64D-09D0491AA44B}.Release|Any CPU.Build.0 = Release|Any CPU
		{821501C0-ABC2-4777-BA8B-4190D3239CD5}.Debug|Any CPU.ActiveCfg = Debug|Any CPU
		{821501C0-ABC2-4777-BA8B-4190D3239CD5}.Debug|Any CPU.Build.0 = Debug|Any CPU
		{821501C0-ABC2-4777-BA8B-4190D3239CD5}.Release|Any CPU.ActiveCfg = Release|Any CPU
		{821501C0-ABC2-4777-BA8B-4190D3239CD5}.Release|Any CPU.Build.0 = Release|Any CPU
		{00A6DAD1-E32C-4099-9D1F-74902E14E56E}.Debug|Any CPU.ActiveCfg = Debug|Any CPU
		{00A6DAD1-E32C-4099-9D1F-74902E14E56E}.Debug|Any CPU.Build.0 = Debug|Any CPU
		{00A6DAD1-E32C-4099-9D1F-74902E14E56E}.Release|Any CPU.ActiveCfg = Release|Any CPU
		{00A6DAD1-E32C-4099-9D1F-74902E14E56E}.Release|Any CPU.Build.0 = Release|Any CPU
		{72F3E047-CA09-4167-B541-98FF42657838}.Debug|Any CPU.ActiveCfg = Debug|Any CPU
		{72F3E047-CA09-4167-B541-98FF42657838}.Debug|Any CPU.Build.0 = Debug|Any CPU
		{72F3E047-CA09-4167-B541-98FF42657838}.Release|Any CPU.ActiveCfg = Release|Any CPU
		{72F3E047-CA09-4167-B541-98FF42657838}.Release|Any CPU.Build.0 = Release|Any CPU
		{36B4D378-048A-4823-9496-7D1666AA508E}.Debug|Any CPU.ActiveCfg = Debug|Any CPU
		{36B4D378-048A-4823-9496-7D1666AA508E}.Debug|Any CPU.Build.0 = Debug|Any CPU
		{36B4D378-048A-4823-9496-7D1666AA508E}.Release|Any CPU.ActiveCfg = Release|Any CPU
		{36B4D378-048A-4823-9496-7D1666AA508E}.Release|Any CPU.Build.0 = Release|Any CPU
		{BEB1832F-DF58-4BB1-91FD-44991FB9C125}.Debug|Any CPU.ActiveCfg = Debug|Any CPU
		{BEB1832F-DF58-4BB1-91FD-44991FB9C125}.Debug|Any CPU.Build.0 = Debug|Any CPU
		{BEB1832F-DF58-4BB1-91FD-44991FB9C125}.Release|Any CPU.ActiveCfg = Release|Any CPU
		{BEB1832F-DF58-4BB1-91FD-44991FB9C125}.Release|Any CPU.Build.0 = Release|Any CPU
		{3F7A27FE-E9F4-4C36-A6F2-53E7B27524E0}.Debug|Any CPU.ActiveCfg = Debug|Any CPU
		{3F7A27FE-E9F4-4C36-A6F2-53E7B27524E0}.Debug|Any CPU.Build.0 = Debug|Any CPU
		{3F7A27FE-E9F4-4C36-A6F2-53E7B27524E0}.Release|Any CPU.ActiveCfg = Release|Any CPU
		{3F7A27FE-E9F4-4C36-A6F2-53E7B27524E0}.Release|Any CPU.Build.0 = Release|Any CPU
		{F8B7D339-3AC6-411C-B48F-275A85BCC77E}.Debug|Any CPU.ActiveCfg = Debug|Any CPU
		{F8B7D339-3AC6-411C-B48F-275A85BCC77E}.Debug|Any CPU.Build.0 = Debug|Any CPU
		{F8B7D339-3AC6-411C-B48F-275A85BCC77E}.Release|Any CPU.ActiveCfg = Release|Any CPU
		{F8B7D339-3AC6-411C-B48F-275A85BCC77E}.Release|Any CPU.Build.0 = Release|Any CPU
		{A1D5BEE0-D24E-49E1-96D5-DE12076E80B1}.Debug|Any CPU.ActiveCfg = Debug|Any CPU
		{A1D5BEE0-D24E-49E1-96D5-DE12076E80B1}.Debug|Any CPU.Build.0 = Debug|Any CPU
		{A1D5BEE0-D24E-49E1-96D5-DE12076E80B1}.Release|Any CPU.ActiveCfg = Release|Any CPU
		{A1D5BEE0-D24E-49E1-96D5-DE12076E80B1}.Release|Any CPU.Build.0 = Release|Any CPU
		{05717FD3-7B3C-456C-B135-AF57D78242AC}.Debug|Any CPU.ActiveCfg = Debug|Any CPU
		{05717FD3-7B3C-456C-B135-AF57D78242AC}.Debug|Any CPU.Build.0 = Debug|Any CPU
		{05717FD3-7B3C-456C-B135-AF57D78242AC}.Release|Any CPU.ActiveCfg = Release|Any CPU
		{05717FD3-7B3C-456C-B135-AF57D78242AC}.Release|Any CPU.Build.0 = Release|Any CPU
		{F5C4FEE2-647D-4253-BDBB-799E4027BEB7}.Debug|Any CPU.ActiveCfg = Debug|Any CPU
		{F5C4FEE2-647D-4253-BDBB-799E4027BEB7}.Debug|Any CPU.Build.0 = Debug|Any CPU
		{F5C4FEE2-647D-4253-BDBB-799E4027BEB7}.Release|Any CPU.ActiveCfg = Release|Any CPU
		{F5C4FEE2-647D-4253-BDBB-799E4027BEB7}.Release|Any CPU.Build.0 = Release|Any CPU
		{5B4EF058-AEBA-4107-8877-125554E7963A}.Debug|Any CPU.ActiveCfg = Debug|Any CPU
		{5B4EF058-AEBA-4107-8877-125554E7963A}.Debug|Any CPU.Build.0 = Debug|Any CPU
		{5B4EF058-AEBA-4107-8877-125554E7963A}.Release|Any CPU.ActiveCfg = Release|Any CPU
		{5B4EF058-AEBA-4107-8877-125554E7963A}.Release|Any CPU.Build.0 = Release|Any CPU
		{E745CC2A-22AE-4F76-8DB9-79DBA27169DC}.Debug|Any CPU.ActiveCfg = Debug|Any CPU
		{E745CC2A-22AE-4F76-8DB9-79DBA27169DC}.Debug|Any CPU.Build.0 = Debug|Any CPU
		{E745CC2A-22AE-4F76-8DB9-79DBA27169DC}.Release|Any CPU.ActiveCfg = Release|Any CPU
		{E745CC2A-22AE-4F76-8DB9-79DBA27169DC}.Release|Any CPU.Build.0 = Release|Any CPU
		{EE548B4D-8507-4AD9-9D98-5CFDB1346DEE}.Debug|Any CPU.ActiveCfg = Debug|Any CPU
		{EE548B4D-8507-4AD9-9D98-5CFDB1346DEE}.Debug|Any CPU.Build.0 = Debug|Any CPU
		{EE548B4D-8507-4AD9-9D98-5CFDB1346DEE}.Release|Any CPU.ActiveCfg = Release|Any CPU
		{EE548B4D-8507-4AD9-9D98-5CFDB1346DEE}.Release|Any CPU.Build.0 = Release|Any CPU
		{20D1B523-671E-44F3-A28F-284300966298}.Debug|Any CPU.ActiveCfg = Debug|Any CPU
		{20D1B523-671E-44F3-A28F-284300966298}.Debug|Any CPU.Build.0 = Debug|Any CPU
		{20D1B523-671E-44F3-A28F-284300966298}.Release|Any CPU.ActiveCfg = Release|Any CPU
		{20D1B523-671E-44F3-A28F-284300966298}.Release|Any CPU.Build.0 = Release|Any CPU
		{2C52EC89-CF9E-471A-B4C0-7B3D7F590E0F}.Debug|Any CPU.ActiveCfg = Debug|Any CPU
		{2C52EC89-CF9E-471A-B4C0-7B3D7F590E0F}.Debug|Any CPU.Build.0 = Debug|Any CPU
		{2C52EC89-CF9E-471A-B4C0-7B3D7F590E0F}.Release|Any CPU.ActiveCfg = Release|Any CPU
		{2C52EC89-CF9E-471A-B4C0-7B3D7F590E0F}.Release|Any CPU.Build.0 = Release|Any CPU
		{84382827-AAF8-4E23-961B-529477216B25}.Debug|Any CPU.ActiveCfg = Debug|Any CPU
		{84382827-AAF8-4E23-961B-529477216B25}.Debug|Any CPU.Build.0 = Debug|Any CPU
		{84382827-AAF8-4E23-961B-529477216B25}.Release|Any CPU.ActiveCfg = Release|Any CPU
		{84382827-AAF8-4E23-961B-529477216B25}.Release|Any CPU.Build.0 = Release|Any CPU
		{5053FE36-6757-4E0E-9523-3907CA6C387A}.Debug|Any CPU.ActiveCfg = Debug|Any CPU
		{5053FE36-6757-4E0E-9523-3907CA6C387A}.Debug|Any CPU.Build.0 = Debug|Any CPU
		{5053FE36-6757-4E0E-9523-3907CA6C387A}.Release|Any CPU.ActiveCfg = Release|Any CPU
		{5053FE36-6757-4E0E-9523-3907CA6C387A}.Release|Any CPU.Build.0 = Release|Any CPU
		{6A3E356D-5BE6-4664-8802-1CABEEAE1D65}.Debug|Any CPU.ActiveCfg = Debug|Any CPU
		{6A3E356D-5BE6-4664-8802-1CABEEAE1D65}.Debug|Any CPU.Build.0 = Debug|Any CPU
		{6A3E356D-5BE6-4664-8802-1CABEEAE1D65}.Release|Any CPU.ActiveCfg = Release|Any CPU
		{6A3E356D-5BE6-4664-8802-1CABEEAE1D65}.Release|Any CPU.Build.0 = Release|Any CPU
		{EB2E322D-3BEB-466F-8574-87A1224EE65C}.Debug|Any CPU.ActiveCfg = Debug|Any CPU
		{EB2E322D-3BEB-466F-8574-87A1224EE65C}.Debug|Any CPU.Build.0 = Debug|Any CPU
		{EB2E322D-3BEB-466F-8574-87A1224EE65C}.Release|Any CPU.ActiveCfg = Release|Any CPU
		{EB2E322D-3BEB-466F-8574-87A1224EE65C}.Release|Any CPU.Build.0 = Release|Any CPU
	EndGlobalSection
	GlobalSection(SolutionProperties) = preSolution
		HideSolutionNode = FALSE
	EndGlobalSection
	GlobalSection(ExtensibilityGlobals) = postSolution
		SolutionGuid = {BAC2C758-45AA-4080-9FEA-0500E5846749}
	EndGlobalSection
EndGlobal
